
Microsoft Visual Studio Solution File, Format Version 12.00
Project("{FAE04EC0-301F-11D3-BF4B-00C04F79EFBC}") = "CheckInApp.API", "CheckInApp.API\CheckInApp.API.csproj", "{311ECF7B-BCA0-4FD0-AA39-C2B9981B4ACB}"
EndProject
Project("{FAE04EC0-301F-11D3-BF4B-00C04F79EFBC}") = "CheckInApp.Core", "CheckInApp.Core\CheckInApp.Core.csproj", "{6F50231C-B375-4694-B2FC-E66B5F89911F}"
EndProject
Global
	GlobalSection(SolutionConfigurationPlatforms) = preSolution
		Debug|Any CPU = Debug|Any CPU
		Release|Any CPU = Release|Any CPU
	EndGlobalSection
	GlobalSection(ProjectConfigurationPlatforms) = postSolution
		{311ECF7B-BCA0-4FD0-AA39-C2B9981B4ACB}.Debug|Any CPU.ActiveCfg = Debug|Any CPU
		{311ECF7B-BCA0-4FD0-AA39-C2B9981B4ACB}.Debug|Any CPU.Build.0 = Debug|Any CPU
		{311ECF7B-BCA0-4FD0-AA39-C2B9981B4ACB}.Release|Any CPU.ActiveCfg = Release|Any CPU
		{311ECF7B-BCA0-4FD0-AA39-C2B9981B4ACB}.Release|Any CPU.Build.0 = Release|Any CPU
		{6F50231C-B375-4694-B2FC-E66B5F89911F}.Debug|Any CPU.ActiveCfg = Debug|Any CPU
		{6F50231C-B375-4694-B2FC-E66B5F89911F}.Debug|Any CPU.Build.0 = Debug|Any CPU
		{6F50231C-B375-4694-B2FC-E66B5F89911F}.Release|Any CPU.ActiveCfg = Release|Any CPU
		{6F50231C-B375-4694-B2FC-E66B5F89911F}.Release|Any CPU.Build.0 = Release|Any CPU
	EndGlobalSection
EndGlobal
